
Microsoft Visual Studio Solution File, Format Version 12.00
# Visual Studio Version 17
VisualStudioVersion = 17.0.32112.339
MinimumVisualStudioVersion = 10.0.40219.1
Project("{FAE04EC0-301F-11D3-BF4B-00C04F79EFBC}") = "ListaAtividades01.app", "ListaAtividades01.app\ListaAtividades01.app.csproj", "{BC11EF77-791C-4DF8-8330-9433B5D12B94}"
EndProject
Project("{FAE04EC0-301F-11D3-BF4B-00C04F79EFBC}") = "Exercicio02", "Exercicio02\Exercicio02.csproj", "{60BA32A1-B414-4291-95CD-128171B63A41}"
EndProject
Project("{FAE04EC0-301F-11D3-BF4B-00C04F79EFBC}") = "Exercicio3", "Exercicio3\Exercicio3.csproj", "{EC3286CA-9A2C-4BF3-BC48-54F793CEAACE}"
EndProject
Project("{FAE04EC0-301F-11D3-BF4B-00C04F79EFBC}") = "Exercicio4", "Exercicio4\Exercicio4.csproj", "{6563341D-A7AE-4D3D-9F59-12B972E861F8}"
EndProject
Project("{FAE04EC0-301F-11D3-BF4B-00C04F79EFBC}") = "Exercicio5", "Exercicio5\Exercicio5.csproj", "{13745F1A-5F53-463A-82C8-1BCD87F2C574}"
EndProject
Global
	GlobalSection(SolutionConfigurationPlatforms) = preSolution
		Debug|Any CPU = Debug|Any CPU
		Release|Any CPU = Release|Any CPU
	EndGlobalSection
	GlobalSection(ProjectConfigurationPlatforms) = postSolution
		{BC11EF77-791C-4DF8-8330-9433B5D12B94}.Debug|Any CPU.ActiveCfg = Debug|Any CPU
		{BC11EF77-791C-4DF8-8330-9433B5D12B94}.Debug|Any CPU.Build.0 = Debug|Any CPU
		{BC11EF77-791C-4DF8-8330-9433B5D12B94}.Release|Any CPU.ActiveCfg = Release|Any CPU
		{BC11EF77-791C-4DF8-8330-9433B5D12B94}.Release|Any CPU.Build.0 = Release|Any CPU
		{60BA32A1-B414-4291-95CD-128171B63A41}.Debug|Any CPU.ActiveCfg = Debug|Any CPU
		{60BA32A1-B414-4291-95CD-128171B63A41}.Debug|Any CPU.Build.0 = Debug|Any CPU
		{60BA32A1-B414-4291-95CD-128171B63A41}.Release|Any CPU.ActiveCfg = Release|Any CPU
		{60BA32A1-B414-4291-95CD-128171B63A41}.Release|Any CPU.Build.0 = Release|Any CPU
		{EC3286CA-9A2C-4BF3-BC48-54F793CEAACE}.Debug|Any CPU.ActiveCfg = Debug|Any CPU
		{EC3286CA-9A2C-4BF3-BC48-54F793CEAACE}.Debug|Any CPU.Build.0 = Debug|Any CPU
		{EC3286CA-9A2C-4BF3-BC48-54F793CEAACE}.Release|Any CPU.ActiveCfg = Release|Any CPU
		{EC3286CA-9A2C-4BF3-BC48-54F793CEAACE}.Release|Any CPU.Build.0 = Release|Any CPU
		{6563341D-A7AE-4D3D-9F59-12B972E861F8}.Debug|Any CPU.ActiveCfg = Debug|Any CPU
		{6563341D-A7AE-4D3D-9F59-12B972E861F8}.Debug|Any CPU.Build.0 = Debug|Any CPU
		{6563341D-A7AE-4D3D-9F59-12B972E861F8}.Release|Any CPU.ActiveCfg = Release|Any CPU
		{6563341D-A7AE-4D3D-9F59-12B972E861F8}.Release|Any CPU.Build.0 = Release|Any CPU
		{13745F1A-5F53-463A-82C8-1BCD87F2C574}.Debug|Any CPU.ActiveCfg = Debug|Any CPU
		{13745F1A-5F53-463A-82C8-1BCD87F2C574}.Debug|Any CPU.Build.0 = Debug|Any CPU
		{13745F1A-5F53-463A-82C8-1BCD87F2C574}.Release|Any CPU.ActiveCfg = Release|Any CPU
		{13745F1A-5F53-463A-82C8-1BCD87F2C574}.Release|Any CPU.Build.0 = Release|Any CPU
	EndGlobalSection
	GlobalSection(SolutionProperties) = preSolution
		HideSolutionNode = FALSE
	EndGlobalSection
	GlobalSection(ExtensibilityGlobals) = postSolution
		SolutionGuid = {D9F5154E-3498-4F9F-973D-D9B3DDCC3993}
	EndGlobalSection
EndGlobal
